# generated by rye
# use `rye lock` or `rye sync` to update this lockfile
#
# last locked with the following flags:
#   pre: false
#   features: []
#   all-features: false
#   with-sources: false
#   generate-hashes: false
#   universal: false

-e file:.
asyncio==3.4.3
    # via dld-magnet
certifi==2024.12.14
    # via requests
charset-normalizer==3.4.0
    # via requests
click==8.1.7
    # via typer
idna==3.10
    # via requests
markdown-it-py==3.0.0
    # via rich
mdurl==0.1.2
    # via markdown-it-py
packaging==24.2
    # via qbittorrent-api
pygments==2.18.0
    # via rich
qbittorrent-api==2024.11.70
    # via dld-magnet
requests==2.32.3
    # via qbittorrent-api
rich==13.9.4
    # via dld-magnet
    # via typer
shellingham==1.5.4
    # via typer
socks==0
    # via dld-magnet
typer==0.15.1
    # via dld-magnet
typing-extensions==4.12.2
    # via typer
urllib3==2.2.3
    # via qbittorrent-api
    # via requests
