# This file was autogenerated by uv via the following command:
#    uv pip compile --extra all --extra dev pyproject.toml -o uv.lock
aiohappyeyeballs==2.4.4
    # via aiohttp
aiohttp==3.11.10
    # via langchain
aiosignal==1.3.2
    # via aiohttp
annotated-types==0.7.0
    # via pydantic
anthropic==0.40.0
    # via
    #   esperanto (pyproject.toml)
    #   langchain-anthropic
anyio==4.7.0
    # via
    #   anthropic
    #   groq
    #   httpx
    #   openai
appnope==0.1.4
    # via ipykernel
asttokens==3.0.0
    # via stack-data
attrs==24.2.0
    # via aiohttp
cachetools==5.5.0
    # via google-auth
certifi==2024.12.14
    # via
    #   httpcore
    #   httpx
    #   requests
charset-normalizer==3.4.0
    # via requests
comm==0.2.2
    # via
    #   ipykernel
    #   ipywidgets
coverage==7.6.9
    # via pytest-cov
debugpy==1.8.11
    # via ipykernel
decorator==5.1.1
    # via ipython
defusedxml==0.7.1
    # via langchain-anthropic
distro==1.9.0
    # via
    #   anthropic
    #   groq
    #   openai
docstring-parser==0.16
    # via google-cloud-aiplatform
elevenlabs==1.50.2
    # via esperanto (pyproject.toml)
executing==2.1.0
    # via stack-data
filetype==1.2.0
    # via langchain-google-genai
frozenlist==1.5.0
    # via
    #   aiohttp
    #   aiosignal
google-ai-generativelanguage==0.6.10
    # via google-generativeai
google-api-core==2.24.0
    # via
    #   google-ai-generativelanguage
    #   google-api-python-client
    #   google-cloud-aiplatform
    #   google-cloud-bigquery
    #   google-cloud-core
    #   google-cloud-resource-manager
    #   google-cloud-storage
    #   google-cloud-texttospeech
    #   google-generativeai
google-api-python-client==2.155.0
    # via google-generativeai
google-auth==2.37.0
    # via
    #   google-ai-generativelanguage
    #   google-api-core
    #   google-api-python-client
    #   google-auth-httplib2
    #   google-cloud-aiplatform
    #   google-cloud-bigquery
    #   google-cloud-core
    #   google-cloud-resource-manager
    #   google-cloud-storage
    #   google-cloud-texttospeech
    #   google-generativeai
google-auth-httplib2==0.2.0
    # via google-api-python-client
google-cloud-aiplatform==1.71.1
    # via vertexai
google-cloud-bigquery==3.27.0
    # via google-cloud-aiplatform
google-cloud-core==2.4.1
    # via
    #   google-cloud-bigquery
    #   google-cloud-storage
google-cloud-resource-manager==1.14.0
    # via google-cloud-aiplatform
google-cloud-storage==2.19.0
    # via google-cloud-aiplatform
google-cloud-texttospeech==2.22.0
    # via esperanto (pyproject.toml)
google-crc32c==1.6.0
    # via
    #   google-cloud-storage
    #   google-resumable-media
google-generativeai==0.8.3
    # via
    #   esperanto (pyproject.toml)
    #   langchain-google-genai
google-resumable-media==2.7.2
    # via
    #   google-cloud-bigquery
    #   google-cloud-storage
googleapis-common-protos==1.66.0
    # via
    #   google-api-core
    #   grpc-google-iam-v1
    #   grpcio-status
groq==0.13.1
    # via
    #   esperanto (pyproject.toml)
    #   langchain-groq
grpc-google-iam-v1==0.13.1
    # via google-cloud-resource-manager
grpcio==1.68.1
    # via
    #   google-api-core
    #   googleapis-common-protos
    #   grpc-google-iam-v1
    #   grpcio-status
grpcio-status==1.68.1
    # via google-api-core
h11==0.14.0
    # via httpcore
httpcore==1.0.7
    # via httpx
httplib2==0.22.0
    # via
    #   google-api-python-client
    #   google-auth-httplib2
httpx==0.27.2
    # via
    #   anthropic
    #   elevenlabs
    #   groq
    #   langsmith
    #   ollama
    #   openai
idna==3.10
    # via
    #   anyio
    #   httpx
    #   requests
    #   yarl
iniconfig==2.0.0
    # via pytest
ipykernel==6.29.5
    # via esperanto (pyproject.toml)
ipython==8.30.0
    # via
    #   ipykernel
    #   ipywidgets
ipywidgets==8.1.5
    # via esperanto (pyproject.toml)
jedi==0.19.2
    # via ipython
jiter==0.8.2
    # via
    #   anthropic
    #   openai
jsonpatch==1.33
    # via langchain-core
jsonpointer==3.0.0
    # via jsonpatch
jupyter-client==8.6.3
    # via ipykernel
jupyter-core==5.7.2
    # via
    #   ipykernel
    #   jupyter-client
jupyterlab-widgets==3.0.13
    # via ipywidgets
langchain==0.3.12
    # via esperanto (pyproject.toml)
langchain-anthropic==0.3.0
    # via esperanto (pyproject.toml)
langchain-core==0.3.25
    # via
    #   esperanto (pyproject.toml)
    #   langchain
    #   langchain-anthropic
    #   langchain-google-genai
    #   langchain-groq
    #   langchain-ollama
    #   langchain-openai
    #   langchain-text-splitters
langchain-google-genai==2.0.7
    # via esperanto (pyproject.toml)
langchain-groq==0.2.1
    # via esperanto (pyproject.toml)
langchain-ollama==0.2.1
    # via esperanto (pyproject.toml)
langchain-openai==0.2.12
    # via esperanto (pyproject.toml)
langchain-text-splitters==0.3.3
    # via langchain
langsmith==0.2.3
    # via
    #   langchain
    #   langchain-core
matplotlib-inline==0.1.7
    # via
    #   ipykernel
    #   ipython
multidict==6.1.0
    # via
    #   aiohttp
    #   yarl
mypy==1.13.0
    # via esperanto (pyproject.toml)
mypy-extensions==1.0.0
    # via mypy
nest-asyncio==1.6.0
    # via ipykernel
numpy==2.2.0
    # via
    #   langchain
    #   shapely
ollama==0.4.4
    # via
    #   esperanto (pyproject.toml)
    #   langchain-ollama
openai==1.57.4
    # via
    #   esperanto (pyproject.toml)
    #   langchain-openai
orjson==3.10.12
    # via langsmith
packaging==24.2
    # via
    #   google-cloud-aiplatform
    #   google-cloud-bigquery
    #   ipykernel
    #   langchain-core
    #   pytest
parso==0.8.4
    # via jedi
pexpect==4.9.0
    # via ipython
platformdirs==4.3.6
    # via jupyter-core
pluggy==1.5.0
    # via pytest
prompt-toolkit==3.0.48
    # via ipython
propcache==0.2.1
    # via
    #   aiohttp
    #   yarl
proto-plus==1.25.0
    # via
    #   google-ai-generativelanguage
    #   google-api-core
    #   google-cloud-aiplatform
    #   google-cloud-resource-manager
    #   google-cloud-texttospeech
protobuf==5.29.1
    # via
    #   google-ai-generativelanguage
    #   google-api-core
    #   google-cloud-aiplatform
    #   google-cloud-resource-manager
    #   google-cloud-texttospeech
    #   google-generativeai
    #   googleapis-common-protos
    #   grpc-google-iam-v1
    #   grpcio-status
    #   proto-plus
psutil==6.1.0
    # via ipykernel
ptyprocess==0.7.0
    # via pexpect
pure-eval==0.2.3
    # via stack-data
pyasn1==0.6.1
    # via
    #   pyasn1-modules
    #   rsa
pyasn1-modules==0.4.1
    # via google-auth
pydantic==2.10.3
    # via
    #   anthropic
    #   elevenlabs
    #   google-cloud-aiplatform
    #   google-generativeai
    #   groq
    #   langchain
    #   langchain-anthropic
    #   langchain-core
    #   langchain-google-genai
    #   langsmith
    #   ollama
    #   openai
pydantic-core==2.27.1
    # via
    #   elevenlabs
    #   pydantic
pygments==2.18.0
    # via ipython
pyparsing==3.2.0
    # via httplib2
pytest==8.3.4
    # via
    #   esperanto (pyproject.toml)
    #   pytest-asyncio
    #   pytest-cov
    #   pytest-mock
pytest-asyncio==0.25.0
    # via esperanto (pyproject.toml)
pytest-cov==6.0.0
    # via esperanto (pyproject.toml)
pytest-mock==3.14.0
    # via esperanto (pyproject.toml)
python-dateutil==2.9.0.post0
    # via
    #   google-cloud-bigquery
    #   jupyter-client
python-dotenv==1.0.1
    # via esperanto (pyproject.toml)
pyyaml==6.0.2
    # via
    #   langchain
    #   langchain-core
pyzmq==26.2.0
    # via
    #   ipykernel
    #   jupyter-client
regex==2024.11.6
    # via tiktoken
requests==2.32.3
    # via
    #   elevenlabs
    #   google-api-core
    #   google-cloud-bigquery
    #   google-cloud-storage
    #   langchain
    #   langsmith
    #   requests-toolbelt
    #   tiktoken
requests-toolbelt==1.0.0
    # via langsmith
rsa==4.9
    # via google-auth
ruff==0.8.3
    # via esperanto (pyproject.toml)
shapely==2.0.6
    # via google-cloud-aiplatform
six==1.17.0
    # via python-dateutil
sniffio==1.3.1
    # via
    #   anthropic
    #   anyio
    #   groq
    #   httpx
    #   openai
sqlalchemy==2.0.36
    # via langchain
stack-data==0.6.3
    # via ipython
tenacity==9.0.0
    # via
    #   langchain
    #   langchain-core
tiktoken==0.8.0
    # via langchain-openai
tornado==6.4.2
    # via
    #   ipykernel
    #   jupyter-client
tqdm==4.67.1
    # via
    #   google-generativeai
    #   openai
traitlets==5.14.3
    # via
    #   comm
    #   ipykernel
    #   ipython
    #   ipywidgets
    #   jupyter-client
    #   jupyter-core
    #   matplotlib-inline
types-requests==2.32.0.20241016
    # via esperanto (pyproject.toml)
typing-extensions==4.12.2
    # via
    #   anthropic
    #   elevenlabs
    #   google-generativeai
    #   groq
    #   langchain-core
    #   mypy
    #   openai
    #   pydantic
    #   pydantic-core
    #   sqlalchemy
uritemplate==4.1.1
    # via google-api-python-client
urllib3==2.2.3
    # via
    #   requests
    #   types-requests
vertexai==1.71.1
    # via esperanto (pyproject.toml)
wcwidth==0.2.13
    # via prompt-toolkit
websockets==14.1
    # via elevenlabs
widgetsnbextension==4.0.13
    # via ipywidgets
yarl==1.18.3
    # via aiohttp
