version = 1
requires-python = ">=3.9, <3.13"

[[package]]
name = "annotated-types"
version = "0.7.0"
source = { registry = "https://pypi.org/simple" }
sdist = { url = "https://files.pythonhosted.org/packages/ee/67/531ea369ba64dcff5ec9c3402f9f51bf748cec26dde048a2f973a4eea7f5/annotated_types-0.7.0.tar.gz", hash = "sha256:aff07c09a53a08bc8cfccb9c85b05f1aa9a2a6f23728d790723543408344ce89", size = 16081 }
wheels = [
    { url = "https://files.pythonhosted.org/packages/78/b6/6307fbef88d9b5ee7421e68d78a9f162e0da4900bc5f5793f6d3d0e34fb8/annotated_types-0.7.0-py3-none-any.whl", hash = "sha256:1f02e8b43a8fbbc3f3e0d4f0f4bfc8131bcb4eebe8849b8e5c773f3a1c582a53", size = 13643 },
]

[[package]]
name = "beautifulsoup4"
version = "4.12.3"
source = { registry = "https://pypi.org/simple" }
dependencies = [
    { name = "soupsieve" },
]
sdist = { url = "https://files.pythonhosted.org/packages/b3/ca/824b1195773ce6166d388573fc106ce56d4a805bd7427b624e063596ec58/beautifulsoup4-4.12.3.tar.gz", hash = "sha256:74e3d1928edc070d21748185c46e3fb33490f22f52a3addee9aee0f4f7781051", size = 581181 }
wheels = [
    { url = "https://files.pythonhosted.org/packages/b1/fe/e8c672695b37eecc5cbf43e1d0638d88d66ba3a44c4d321c796f4e59167f/beautifulsoup4-4.12.3-py3-none-any.whl", hash = "sha256:b80878c9f40111313e55da8ba20bdba06d8fa3969fc68304167741bbf9e082ed", size = 147925 },
]

[[package]]
name = "fluentui"
version = "0.0.38"
source = { editable = "." }
dependencies = [
    { name = "beautifulsoup4" },
    { name = "polars-lts-cpu" },
    { name = "pydantic" },
    { name = "pyside6" },
    { name = "selectolax" },
]

[package.metadata]
requires-dist = [
    { name = "beautifulsoup4", specifier = ">=4.12.3" },
    { name = "polars-lts-cpu", specifier = ">=1.14.0" },
    { name = "pydantic", specifier = ">=2.9.2" },
    { name = "pyside6", specifier = ">=6.8.0.2" },
    { name = "selectolax", specifier = ">=0.3.26" },
]

[[package]]
name = "polars-lts-cpu"
version = "1.14.0"
source = { registry = "https://pypi.org/simple" }
sdist = { url = "https://files.pythonhosted.org/packages/69/32/46639d6713b316fe78f655860f3c6e4fb0eb307865a78c840e70b918b19a/polars_lts_cpu-1.14.0.tar.gz", hash = "sha256:32638cb45bb9b66efc981f203f43ff4510335348b144f61ac0357b695e43f04e", size = 4147533 }
wheels = [
    { url = "https://files.pythonhosted.org/packages/c3/51/fcbe69627753434a11d358f66c35edb5bf830c2ae753a948ffb4c1477eae/polars_lts_cpu-1.14.0-cp39-abi3-macosx_10_12_x86_64.whl", hash = "sha256:919522d2175f2090b707bb332b966a23207f8d8ef96e3614008997043fda8f62", size = 33818032 },
    { url = "https://files.pythonhosted.org/packages/97/97/4a050ea53765fb611c3f81a267569069b38550ad550a1765c25ffbbb0495/polars_lts_cpu-1.14.0-cp39-abi3-macosx_11_0_arm64.whl", hash = "sha256:30c4e8e177caffc677767885982eff51617d59ae8c3e1e36d6fdd8032479d5f8", size = 30178247 },
    { url = "https://files.pythonhosted.org/packages/4f/66/0d50766ab45ac0c54d7231461e06860f6b7ad5de7df7d5c8d4cae5e0d935/polars_lts_cpu-1.14.0-cp39-abi3-manylinux_2_17_x86_64.manylinux2014_x86_64.whl", hash = "sha256:4c164231650450ecf0301a5491bfaa20fa44ac052d06596952af9f36f13f323c", size = 35110340 },
    { url = "https://files.pythonhosted.org/packages/d3/6f/9b86dd589079c5d2b467cfd1716ca2618058fcdcef276b2da45f297232a7/polars_lts_cpu-1.14.0-cp39-abi3-manylinux_2_24_aarch64.whl", hash = "sha256:c719921984211d0b83cd1055e45b03b09e9f3f7b9dda742a916bbc09021cbf1c", size = 31893769 },
    { url = "https://files.pythonhosted.org/packages/96/16/5b364f5002206c28b5f805c5243f636448415be0aecac46c0634d9967147/polars_lts_cpu-1.14.0-cp39-abi3-win_amd64.whl", hash = "sha256:b49dc3f9992b4986566a5cf7dc208ac02c30eac095a955abb65ee34959b23ea7", size = 35339593 },
]

[[package]]
name = "pydantic"
version = "2.9.2"
source = { registry = "https://pypi.org/simple" }
dependencies = [
    { name = "annotated-types" },
    { name = "pydantic-core" },
    { name = "typing-extensions" },
]
sdist = { url = "https://files.pythonhosted.org/packages/a9/b7/d9e3f12af310e1120c21603644a1cd86f59060e040ec5c3a80b8f05fae30/pydantic-2.9.2.tar.gz", hash = "sha256:d155cef71265d1e9807ed1c32b4c8deec042a44a50a4188b25ac67ecd81a9c0f", size = 769917 }
wheels = [
    { url = "https://files.pythonhosted.org/packages/df/e4/ba44652d562cbf0bf320e0f3810206149c8a4e99cdbf66da82e97ab53a15/pydantic-2.9.2-py3-none-any.whl", hash = "sha256:f048cec7b26778210e28a0459867920654d48e5e62db0958433636cde4254f12", size = 434928 },
]

[[package]]
name = "pydantic-core"
version = "2.23.4"
source = { registry = "https://pypi.org/simple" }
dependencies = [
    { name = "typing-extensions" },
]
sdist = { url = "https://files.pythonhosted.org/packages/e2/aa/6b6a9b9f8537b872f552ddd46dd3da230367754b6f707b8e1e963f515ea3/pydantic_core-2.23.4.tar.gz", hash = "sha256:2584f7cf844ac4d970fba483a717dbe10c1c1c96a969bf65d61ffe94df1b2863", size = 402156 }
wheels = [
    { url = "https://files.pythonhosted.org/packages/5c/8b/d3ae387f66277bd8104096d6ec0a145f4baa2966ebb2cad746c0920c9526/pydantic_core-2.23.4-cp310-cp310-macosx_10_12_x86_64.whl", hash = "sha256:b10bd51f823d891193d4717448fab065733958bdb6a6b351967bd349d48d5c9b", size = 1867835 },
    { url = "https://files.pythonhosted.org/packages/46/76/f68272e4c3a7df8777798282c5e47d508274917f29992d84e1898f8908c7/pydantic_core-2.23.4-cp310-cp310-macosx_11_0_arm64.whl", hash = "sha256:4fc714bdbfb534f94034efaa6eadd74e5b93c8fa6315565a222f7b6f42ca1166", size = 1776689 },
    { url = "https://files.pythonhosted.org/packages/cc/69/5f945b4416f42ea3f3bc9d2aaec66c76084a6ff4ff27555bf9415ab43189/pydantic_core-2.23.4-cp310-cp310-manylinux_2_17_aarch64.manylinux2014_aarch64.whl", hash = "sha256:63e46b3169866bd62849936de036f901a9356e36376079b05efa83caeaa02ceb", size = 1800748 },
    { url = "https://files.pythonhosted.org/packages/50/ab/891a7b0054bcc297fb02d44d05c50e68154e31788f2d9d41d0b72c89fdf7/pydantic_core-2.23.4-cp310-cp310-manylinux_2_17_armv7l.manylinux2014_armv7l.whl", hash = "sha256:ed1a53de42fbe34853ba90513cea21673481cd81ed1be739f7f2efb931b24916", size = 1806469 },
    { url = "https://files.pythonhosted.org/packages/31/7c/6e3fa122075d78f277a8431c4c608f061881b76c2b7faca01d317ee39b5d/pydantic_core-2.23.4-cp310-cp310-manylinux_2_17_ppc64le.manylinux2014_ppc64le.whl", hash = "sha256:cfdd16ab5e59fc31b5e906d1a3f666571abc367598e3e02c83403acabc092e07", size = 2002246 },
    { url = "https://files.pythonhosted.org/packages/ad/6f/22d5692b7ab63fc4acbc74de6ff61d185804a83160adba5e6cc6068e1128/pydantic_core-2.23.4-cp310-cp310-manylinux_2_17_s390x.manylinux2014_s390x.whl", hash = "sha256:255a8ef062cbf6674450e668482456abac99a5583bbafb73f9ad469540a3a232", size = 2659404 },
    { url = "https://files.pythonhosted.org/packages/11/ac/1e647dc1121c028b691028fa61a4e7477e6aeb5132628fde41dd34c1671f/pydantic_core-2.23.4-cp310-cp310-manylinux_2_17_x86_64.manylinux2014_x86_64.whl", hash = "sha256:4a7cd62e831afe623fbb7aabbb4fe583212115b3ef38a9f6b71869ba644624a2", size = 2053940 },
    { url = "https://files.pythonhosted.org/packages/91/75/984740c17f12c3ce18b5a2fcc4bdceb785cce7df1511a4ce89bca17c7e2d/pydantic_core-2.23.4-cp310-cp310-manylinux_2_5_i686.manylinux1_i686.whl", hash = "sha256:f09e2ff1f17c2b51f2bc76d1cc33da96298f0a036a137f5440ab3ec5360b624f", size = 1921437 },
    { url = "https://files.pythonhosted.org/packages/a0/74/13c5f606b64d93f0721e7768cd3e8b2102164866c207b8cd6f90bb15d24f/pydantic_core-2.23.4-cp310-cp310-musllinux_1_1_aarch64.whl", hash = "sha256:e38e63e6f3d1cec5a27e0afe90a085af8b6806ee208b33030e65b6516353f1a3", size = 1966129 },
    { url = "https://files.pythonhosted.org/packages/18/03/9c4aa5919457c7b57a016c1ab513b1a926ed9b2bb7915bf8e506bf65c34b/pydantic_core-2.23.4-cp310-cp310-musllinux_1_1_x86_64.whl", hash = "sha256:0dbd8dbed2085ed23b5c04afa29d8fd2771674223135dc9bc937f3c09284d071", size = 2110908 },
    { url = "https://files.pythonhosted.org/packages/92/2c/053d33f029c5dc65e5cf44ff03ceeefb7cce908f8f3cca9265e7f9b540c8/pydantic_core-2.23.4-cp310-none-win32.whl", hash = "sha256:6531b7ca5f951d663c339002e91aaebda765ec7d61b7d1e3991051906ddde119", size = 1735278 },
    { url = "https://files.pythonhosted.org/packages/de/81/7dfe464eca78d76d31dd661b04b5f2036ec72ea8848dd87ab7375e185c23/pydantic_core-2.23.4-cp310-none-win_amd64.whl", hash = "sha256:7c9129eb40958b3d4500fa2467e6a83356b3b61bfff1b414c7361d9220f9ae8f", size = 1917453 },
    { url = "https://files.pythonhosted.org/packages/5d/30/890a583cd3f2be27ecf32b479d5d615710bb926d92da03e3f7838ff3e58b/pydantic_core-2.23.4-cp311-cp311-macosx_10_12_x86_64.whl", hash = "sha256:77733e3892bb0a7fa797826361ce8a9184d25c8dffaec60b7ffe928153680ba8", size = 1865160 },
    { url = "https://files.pythonhosted.org/packages/1d/9a/b634442e1253bc6889c87afe8bb59447f106ee042140bd57680b3b113ec7/pydantic_core-2.23.4-cp311-cp311-macosx_11_0_arm64.whl", hash = "sha256:1b84d168f6c48fabd1f2027a3d1bdfe62f92cade1fb273a5d68e621da0e44e6d", size = 1776777 },
    { url = "https://files.pythonhosted.org/packages/75/9a/7816295124a6b08c24c96f9ce73085032d8bcbaf7e5a781cd41aa910c891/pydantic_core-2.23.4-cp311-cp311-manylinux_2_17_aarch64.manylinux2014_aarch64.whl", hash = "sha256:df49e7a0861a8c36d089c1ed57d308623d60416dab2647a4a17fe050ba85de0e", size = 1799244 },
    { url = "https://files.pythonhosted.org/packages/a9/8f/89c1405176903e567c5f99ec53387449e62f1121894aa9fc2c4fdc51a59b/pydantic_core-2.23.4-cp311-cp311-manylinux_2_17_armv7l.manylinux2014_armv7l.whl", hash = "sha256:ff02b6d461a6de369f07ec15e465a88895f3223eb75073ffea56b84d9331f607", size = 1805307 },
    { url = "https://files.pythonhosted.org/packages/d5/a5/1a194447d0da1ef492e3470680c66048fef56fc1f1a25cafbea4bc1d1c48/pydantic_core-2.23.4-cp311-cp311-manylinux_2_17_ppc64le.manylinux2014_ppc64le.whl", hash = "sha256:996a38a83508c54c78a5f41456b0103c30508fed9abcad0a59b876d7398f25fd", size = 2000663 },
    { url = "https://files.pythonhosted.org/packages/13/a5/1df8541651de4455e7d587cf556201b4f7997191e110bca3b589218745a5/pydantic_core-2.23.4-cp311-cp311-manylinux_2_17_s390x.manylinux2014_s390x.whl", hash = "sha256:d97683ddee4723ae8c95d1eddac7c192e8c552da0c73a925a89fa8649bf13eea", size = 2655941 },
    { url = "https://files.pythonhosted.org/packages/44/31/a3899b5ce02c4316865e390107f145089876dff7e1dfc770a231d836aed8/pydantic_core-2.23.4-cp311-cp311-manylinux_2_17_x86_64.manylinux2014_x86_64.whl", hash = "sha256:216f9b2d7713eb98cb83c80b9c794de1f6b7e3145eef40400c62e86cee5f4e1e", size = 2052105 },
    { url = "https://files.pythonhosted.org/packages/1b/aa/98e190f8745d5ec831f6d5449344c48c0627ac5fed4e5340a44b74878f8e/pydantic_core-2.23.4-cp311-cp311-manylinux_2_5_i686.manylinux1_i686.whl", hash = "sha256:6f783e0ec4803c787bcea93e13e9932edab72068f68ecffdf86a99fd5918878b", size = 1919967 },
    { url = "https://files.pythonhosted.org/packages/ae/35/b6e00b6abb2acfee3e8f85558c02a0822e9a8b2f2d812ea8b9079b118ba0/pydantic_core-2.23.4-cp311-cp311-musllinux_1_1_aarch64.whl", hash = "sha256:d0776dea117cf5272382634bd2a5c1b6eb16767c223c6a5317cd3e2a757c61a0", size = 1964291 },
    { url = "https://files.pythonhosted.org/packages/13/46/7bee6d32b69191cd649bbbd2361af79c472d72cb29bb2024f0b6e350ba06/pydantic_core-2.23.4-cp311-cp311-musllinux_1_1_x86_64.whl", hash = "sha256:d5f7a395a8cf1621939692dba2a6b6a830efa6b3cee787d82c7de1ad2930de64", size = 2109666 },
    { url = "https://files.pythonhosted.org/packages/39/ef/7b34f1b122a81b68ed0a7d0e564da9ccdc9a2924c8d6c6b5b11fa3a56970/pydantic_core-2.23.4-cp311-none-win32.whl", hash = "sha256:74b9127ffea03643e998e0c5ad9bd3811d3dac8c676e47db17b0ee7c3c3bf35f", size = 1732940 },
    { url = "https://files.pythonhosted.org/packages/2f/76/37b7e76c645843ff46c1d73e046207311ef298d3f7b2f7d8f6ac60113071/pydantic_core-2.23.4-cp311-none-win_amd64.whl", hash = "sha256:98d134c954828488b153d88ba1f34e14259284f256180ce659e8d83e9c05eaa3", size = 1916804 },
    { url = "https://files.pythonhosted.org/packages/74/7b/8e315f80666194b354966ec84b7d567da77ad927ed6323db4006cf915f3f/pydantic_core-2.23.4-cp312-cp312-macosx_10_12_x86_64.whl", hash = "sha256:f3e0da4ebaef65158d4dfd7d3678aad692f7666877df0002b8a522cdf088f231", size = 1856459 },
    { url = "https://files.pythonhosted.org/packages/14/de/866bdce10ed808323d437612aca1ec9971b981e1c52e5e42ad9b8e17a6f6/pydantic_core-2.23.4-cp312-cp312-macosx_11_0_arm64.whl", hash = "sha256:f69a8e0b033b747bb3e36a44e7732f0c99f7edd5cea723d45bc0d6e95377ffee", size = 1770007 },
    { url = "https://files.pythonhosted.org/packages/dc/69/8edd5c3cd48bb833a3f7ef9b81d7666ccddd3c9a635225214e044b6e8281/pydantic_core-2.23.4-cp312-cp312-manylinux_2_17_aarch64.manylinux2014_aarch64.whl", hash = "sha256:723314c1d51722ab28bfcd5240d858512ffd3116449c557a1336cbe3919beb87", size = 1790245 },
    { url = "https://files.pythonhosted.org/packages/80/33/9c24334e3af796ce80d2274940aae38dd4e5676298b4398eff103a79e02d/pydantic_core-2.23.4-cp312-cp312-manylinux_2_17_armv7l.manylinux2014_armv7l.whl", hash = "sha256:bb2802e667b7051a1bebbfe93684841cc9351004e2badbd6411bf357ab8d5ac8", size = 1801260 },
    { url = "https://files.pythonhosted.org/packages/a5/6f/e9567fd90104b79b101ca9d120219644d3314962caa7948dd8b965e9f83e/pydantic_core-2.23.4-cp312-cp312-manylinux_2_17_ppc64le.manylinux2014_ppc64le.whl", hash = "sha256:d18ca8148bebe1b0a382a27a8ee60350091a6ddaf475fa05ef50dc35b5df6327", size = 1996872 },
    { url = "https://files.pythonhosted.org/packages/2d/ad/b5f0fe9e6cfee915dd144edbd10b6e9c9c9c9d7a56b69256d124b8ac682e/pydantic_core-2.23.4-cp312-cp312-manylinux_2_17_s390x.manylinux2014_s390x.whl", hash = "sha256:33e3d65a85a2a4a0dc3b092b938a4062b1a05f3a9abde65ea93b233bca0e03f2", size = 2661617 },
    { url = "https://files.pythonhosted.org/packages/06/c8/7d4b708f8d05a5cbfda3243aad468052c6e99de7d0937c9146c24d9f12e9/pydantic_core-2.23.4-cp312-cp312-manylinux_2_17_x86_64.manylinux2014_x86_64.whl", hash = "sha256:128585782e5bfa515c590ccee4b727fb76925dd04a98864182b22e89a4e6ed36", size = 2071831 },
    { url = "https://files.pythonhosted.org/packages/89/4d/3079d00c47f22c9a9a8220db088b309ad6e600a73d7a69473e3a8e5e3ea3/pydantic_core-2.23.4-cp312-cp312-manylinux_2_5_i686.manylinux1_i686.whl", hash = "sha256:68665f4c17edcceecc112dfed5dbe6f92261fb9d6054b47d01bf6371a6196126", size = 1917453 },
    { url = "https://files.pythonhosted.org/packages/e9/88/9df5b7ce880a4703fcc2d76c8c2d8eb9f861f79d0c56f4b8f5f2607ccec8/pydantic_core-2.23.4-cp312-cp312-musllinux_1_1_aarch64.whl", hash = "sha256:20152074317d9bed6b7a95ade3b7d6054845d70584216160860425f4fbd5ee9e", size = 1968793 },
    { url = "https://files.pythonhosted.org/packages/e3/b9/41f7efe80f6ce2ed3ee3c2dcfe10ab7adc1172f778cc9659509a79518c43/pydantic_core-2.23.4-cp312-cp312-musllinux_1_1_x86_64.whl", hash = "sha256:9261d3ce84fa1d38ed649c3638feefeae23d32ba9182963e465d58d62203bd24", size = 2116872 },
    { url = "https://files.pythonhosted.org/packages/63/08/b59b7a92e03dd25554b0436554bf23e7c29abae7cce4b1c459cd92746811/pydantic_core-2.23.4-cp312-none-win32.whl", hash = "sha256:4ba762ed58e8d68657fc1281e9bb72e1c3e79cc5d464be146e260c541ec12d84", size = 1738535 },
    { url = "https://files.pythonhosted.org/packages/88/8d/479293e4d39ab409747926eec4329de5b7129beaedc3786eca070605d07f/pydantic_core-2.23.4-cp312-none-win_amd64.whl", hash = "sha256:97df63000f4fea395b2824da80e169731088656d1818a11b95f3b173747b6cd9", size = 1917992 },
    { url = "https://files.pythonhosted.org/packages/7a/04/2580b2deaae37b3e30fc30c54298be938b973990b23612d6b61c7bdd01c7/pydantic_core-2.23.4-cp39-cp39-macosx_10_12_x86_64.whl", hash = "sha256:a4fa4fc04dff799089689f4fd502ce7d59de529fc2f40a2c8836886c03e0175a", size = 1868200 },
    { url = "https://files.pythonhosted.org/packages/39/6e/e311bd0751505350f0cdcee3077841eb1f9253c5a1ddbad048cd9fbf7c6e/pydantic_core-2.23.4-cp39-cp39-macosx_11_0_arm64.whl", hash = "sha256:0a7df63886be5e270da67e0966cf4afbae86069501d35c8c1b3b6c168f42cb36", size = 1749316 },
    { url = "https://files.pythonhosted.org/packages/d0/b4/95b5eb47c6dc8692508c3ca04a1f8d6f0884c9dacb34cf3357595cbe73be/pydantic_core-2.23.4-cp39-cp39-manylinux_2_17_aarch64.manylinux2014_aarch64.whl", hash = "sha256:dcedcd19a557e182628afa1d553c3895a9f825b936415d0dbd3cd0bbcfd29b4b", size = 1800880 },
    { url = "https://files.pythonhosted.org/packages/da/79/41c4f817acd7f42d94cd1e16526c062a7b089f66faed4bd30852314d9a66/pydantic_core-2.23.4-cp39-cp39-manylinux_2_17_armv7l.manylinux2014_armv7l.whl", hash = "sha256:5f54b118ce5de9ac21c363d9b3caa6c800341e8c47a508787e5868c6b79c9323", size = 1807077 },
    { url = "https://files.pythonhosted.org/packages/fb/53/d13d1eb0a97d5c06cf7a225935d471e9c241afd389a333f40c703f214973/pydantic_core-2.23.4-cp39-cp39-manylinux_2_17_ppc64le.manylinux2014_ppc64le.whl", hash = "sha256:86d2f57d3e1379a9525c5ab067b27dbb8a0642fb5d454e17a9ac434f9ce523e3", size = 2002859 },
    { url = "https://files.pythonhosted.org/packages/53/7d/6b8a1eff453774b46cac8c849e99455b27167971a003212f668e94bc4c9c/pydantic_core-2.23.4-cp39-cp39-manylinux_2_17_s390x.manylinux2014_s390x.whl", hash = "sha256:de6d1d1b9e5101508cb37ab0d972357cac5235f5c6533d1071964c47139257df", size = 2661437 },
    { url = "https://files.pythonhosted.org/packages/6c/ea/8820f57f0b46e6148ee42d8216b15e8fe3b360944284bbc705bf34fac888/pydantic_core-2.23.4-cp39-cp39-manylinux_2_17_x86_64.manylinux2014_x86_64.whl", hash = "sha256:1278e0d324f6908e872730c9102b0112477a7f7cf88b308e4fc36ce1bdb6d58c", size = 2054404 },
    { url = "https://files.pythonhosted.org/packages/0f/36/d4ae869e473c3c7868e1cd1e2a1b9e13bce5cd1a7d287f6ac755a0b1575e/pydantic_core-2.23.4-cp39-cp39-manylinux_2_5_i686.manylinux1_i686.whl", hash = "sha256:9a6b5099eeec78827553827f4c6b8615978bb4b6a88e5d9b93eddf8bb6790f55", size = 1921680 },
    { url = "https://files.pythonhosted.org/packages/0d/f8/eed5c65b80c4ac4494117e2101973b45fc655774ef647d17dde40a70f7d2/pydantic_core-2.23.4-cp39-cp39-musllinux_1_1_aarch64.whl", hash = "sha256:e55541f756f9b3ee346b840103f32779c695a19826a4c442b7954550a0972040", size = 1966093 },
    { url = "https://files.pythonhosted.org/packages/e8/c8/1d42ce51d65e571ab53d466cae83434325a126811df7ce4861d9d97bee4b/pydantic_core-2.23.4-cp39-cp39-musllinux_1_1_x86_64.whl", hash = "sha256:a5c7ba8ffb6d6f8f2ab08743be203654bb1aaa8c9dcb09f82ddd34eadb695605", size = 2111437 },
    { url = "https://files.pythonhosted.org/packages/aa/c9/7fea9d13383c2ec6865919e09cffe44ab77e911eb281b53a4deaafd4c8e8/pydantic_core-2.23.4-cp39-none-win32.whl", hash = "sha256:37b0fe330e4a58d3c58b24d91d1eb102aeec675a3db4c292ec3928ecd892a9a6", size = 1735049 },
    { url = "https://files.pythonhosted.org/packages/98/95/dd7045c4caa2b73d0bf3b989d66b23cfbb7a0ef14ce99db15677a000a953/pydantic_core-2.23.4-cp39-none-win_amd64.whl", hash = "sha256:1498bec4c05c9c787bde9125cfdcc63a41004ff167f495063191b863399b1a29", size = 1920180 },
    { url = "https://files.pythonhosted.org/packages/13/a9/5d582eb3204464284611f636b55c0a7410d748ff338756323cb1ce721b96/pydantic_core-2.23.4-pp310-pypy310_pp73-macosx_10_12_x86_64.whl", hash = "sha256:f455ee30a9d61d3e1a15abd5068827773d6e4dc513e795f380cdd59932c782d5", size = 1857135 },
    { url = "https://files.pythonhosted.org/packages/2c/57/faf36290933fe16717f97829eabfb1868182ac495f99cf0eda9f59687c9d/pydantic_core-2.23.4-pp310-pypy310_pp73-macosx_11_0_arm64.whl", hash = "sha256:1e90d2e3bd2c3863d48525d297cd143fe541be8bbf6f579504b9712cb6b643ec", size = 1740583 },
    { url = "https://files.pythonhosted.org/packages/91/7c/d99e3513dc191c4fec363aef1bf4c8af9125d8fa53af7cb97e8babef4e40/pydantic_core-2.23.4-pp310-pypy310_pp73-manylinux_2_17_aarch64.manylinux2014_aarch64.whl", hash = "sha256:2e203fdf807ac7e12ab59ca2bfcabb38c7cf0b33c41efeb00f8e5da1d86af480", size = 1793637 },
    { url = "https://files.pythonhosted.org/packages/29/18/812222b6d18c2d13eebbb0f7cdc170a408d9ced65794fdb86147c77e1982/pydantic_core-2.23.4-pp310-pypy310_pp73-manylinux_2_17_x86_64.manylinux2014_x86_64.whl", hash = "sha256:e08277a400de01bc72436a0ccd02bdf596631411f592ad985dcee21445bd0068", size = 1941963 },
    { url = "https://files.pythonhosted.org/packages/0f/36/c1f3642ac3f05e6bb4aec3ffc399fa3f84895d259cf5f0ce3054b7735c29/pydantic_core-2.23.4-pp310-pypy310_pp73-manylinux_2_5_i686.manylinux1_i686.whl", hash = "sha256:f220b0eea5965dec25480b6333c788fb72ce5f9129e8759ef876a1d805d00801", size = 1915332 },
    { url = "https://files.pythonhosted.org/packages/f7/ca/9c0854829311fb446020ebb540ee22509731abad886d2859c855dd29b904/pydantic_core-2.23.4-pp310-pypy310_pp73-musllinux_1_1_aarch64.whl", hash = "sha256:d06b0c8da4f16d1d1e352134427cb194a0a6e19ad5db9161bf32b2113409e728", size = 1957926 },
    { url = "https://files.pythonhosted.org/packages/c0/1c/7836b67c42d0cd4441fcd9fafbf6a027ad4b79b6559f80cf11f89fd83648/pydantic_core-2.23.4-pp310-pypy310_pp73-musllinux_1_1_x86_64.whl", hash = "sha256:ba1a0996f6c2773bd83e63f18914c1de3c9dd26d55f4ac302a7efe93fb8e7433", size = 2100342 },
    { url = "https://files.pythonhosted.org/packages/a9/f9/b6bcaf874f410564a78908739c80861a171788ef4d4f76f5009656672dfe/pydantic_core-2.23.4-pp310-pypy310_pp73-win_amd64.whl", hash = "sha256:9a5bce9d23aac8f0cf0836ecfc033896aa8443b501c58d0602dbfd5bd5b37753", size = 1920344 },
    { url = "https://files.pythonhosted.org/packages/32/fd/ac9cdfaaa7cf2d32590b807d900612b39acb25e5527c3c7e482f0553025b/pydantic_core-2.23.4-pp39-pypy39_pp73-macosx_10_12_x86_64.whl", hash = "sha256:78ddaaa81421a29574a682b3179d4cf9e6d405a09b99d93ddcf7e5239c742e21", size = 1857850 },
    { url = "https://files.pythonhosted.org/packages/08/fe/038f4b2bcae325ea643c8ad353191187a4c92a9c3b913b139289a6f2ef04/pydantic_core-2.23.4-pp39-pypy39_pp73-macosx_11_0_arm64.whl", hash = "sha256:883a91b5dd7d26492ff2f04f40fbb652de40fcc0afe07e8129e8ae779c2110eb", size = 1740265 },
    { url = "https://files.pythonhosted.org/packages/51/14/b215c9c3cbd1edaaea23014d4b3304260823f712d3fdee52549b19b25d62/pydantic_core-2.23.4-pp39-pypy39_pp73-manylinux_2_17_aarch64.manylinux2014_aarch64.whl", hash = "sha256:88ad334a15b32a791ea935af224b9de1bf99bcd62fabf745d5f3442199d86d59", size = 1793912 },
    { url = "https://files.pythonhosted.org/packages/62/de/2c3ad79b63ba564878cbce325be725929ba50089cd5156f89ea5155cb9b3/pydantic_core-2.23.4-pp39-pypy39_pp73-manylinux_2_17_x86_64.manylinux2014_x86_64.whl", hash = "sha256:233710f069d251feb12a56da21e14cca67994eab08362207785cf8c598e74577", size = 1942870 },
    { url = "https://files.pythonhosted.org/packages/cb/55/c222af19e4644c741b3f3fe4fd8bbb6b4cdca87d8a49258b61cf7826b19e/pydantic_core-2.23.4-pp39-pypy39_pp73-manylinux_2_5_i686.manylinux1_i686.whl", hash = "sha256:19442362866a753485ba5e4be408964644dd6a09123d9416c54cd49171f50744", size = 1915610 },
    { url = "https://files.pythonhosted.org/packages/c4/7a/9a8760692a6f76bb54bcd43f245ff3d8b603db695899bbc624099c00af80/pydantic_core-2.23.4-pp39-pypy39_pp73-musllinux_1_1_aarch64.whl", hash = "sha256:624e278a7d29b6445e4e813af92af37820fafb6dcc55c012c834f9e26f9aaaef", size = 1958403 },
    { url = "https://files.pythonhosted.org/packages/4c/91/9b03166feb914bb5698e2f6499e07c2617e2eebf69f9374d0358d7eb2009/pydantic_core-2.23.4-pp39-pypy39_pp73-musllinux_1_1_x86_64.whl", hash = "sha256:f5ef8f42bec47f21d07668a043f077d507e5bf4e668d5c6dfe6aaba89de1a5b8", size = 2101154 },
    { url = "https://files.pythonhosted.org/packages/1d/d9/1d7ecb98318da4cb96986daaf0e20d66f1651d0aeb9e2d4435b916ce031d/pydantic_core-2.23.4-pp39-pypy39_pp73-win_amd64.whl", hash = "sha256:aea443fffa9fbe3af1a9ba721a87f926fe548d32cab71d188a6ede77d0ff244e", size = 1920855 },
]

[[package]]
name = "pyside6"
version = "6.8.0.2"
source = { registry = "https://pypi.org/simple" }
dependencies = [
    { name = "pyside6-addons" },
    { name = "pyside6-essentials" },
    { name = "shiboken6" },
]
wheels = [
    { url = "https://files.pythonhosted.org/packages/04/8c/2529634d9c6284db1fe7ea12688d5a43ce7abaaba5f5b45c23b2634b1fde/PySide6-6.8.0.2-cp39-abi3-macosx_12_0_universal2.whl", hash = "sha256:cecc6ce1da6cb04542ff5a0887734f63e6ecf54258d1786285b9c7904abd9b01", size = 554051 },
    { url = "https://files.pythonhosted.org/packages/be/fb/508b0dd3f88e6bce7be4a9650801434319d563d9f04c439564f09cdb1238/PySide6-6.8.0.2-cp39-abi3-manylinux_2_28_x86_64.whl", hash = "sha256:3258f3c63dc5053b8d5b8d2588caca8bb3a36e2f74413511e4676df0e73b6f1e", size = 554194 },
    { url = "https://files.pythonhosted.org/packages/99/1d/d96496aae8de2b14d372a1e46d06c7f355291c1f3cdd7f90ef48c7d88373/PySide6-6.8.0.2-cp39-abi3-manylinux_2_31_aarch64.whl", hash = "sha256:6a25cf784f978fa2a23b4d089970b27ebe14d26adcaf38b2819cb04483de4ce9", size = 554326 },
    { url = "https://files.pythonhosted.org/packages/e2/94/33bad8ce9c6431325fa4b30e023fcc5ea04a77520f3c08ac184f74c3e218/PySide6-6.8.0.2-cp39-abi3-win_amd64.whl", hash = "sha256:3e8fffca9a934e30c07c3f34bb572f84bfcf02385acbc715e65fbdd9746ecc2b", size = 560103 },
]

[[package]]
name = "pyside6-addons"
version = "6.8.0.2"
source = { registry = "https://pypi.org/simple" }
dependencies = [
    { name = "pyside6-essentials" },
    { name = "shiboken6" },
]
wheels = [
    { url = "https://files.pythonhosted.org/packages/d1/a3/f44f6ad700a8534cbbb9f72a1cd203417890424ad59920bab76111fc524d/PySide6_Addons-6.8.0.2-cp39-abi3-macosx_12_0_universal2.whl", hash = "sha256:30c9ca570dd18ffbfd34ee95e0a319c34313a80425c4011d6ccc9f4cca0dc4c8", size = 302011435 },
    { url = "https://files.pythonhosted.org/packages/0d/1f/50366475ec3129a25f1ffc25cbe0d2c7af71d285abf29b659ca5a2e6a87a/PySide6_Addons-6.8.0.2-cp39-abi3-manylinux_2_28_x86_64.whl", hash = "sha256:754a9822ab2dc313f9998edef69d8a12bc9fd61727543f8d30806ed272ae1e52", size = 143714688 },
    { url = "https://files.pythonhosted.org/packages/cc/10/5f494352be48c8c419992c9974bd4f2168c9f99f58a7dad63dc2382396c1/PySide6_Addons-6.8.0.2-cp39-abi3-manylinux_2_31_aarch64.whl", hash = "sha256:553f3fa412f423929b5cd8b7d43fd5f02161851f10a438174a198b0f1a044df7", size = 128861616 },
    { url = "https://files.pythonhosted.org/packages/e1/bb/c606032e9dbe5674c1d234ca3cc5679446f37cdbb555a82d6adc3941c0a7/PySide6_Addons-6.8.0.2-cp39-abi3-win_amd64.whl", hash = "sha256:ae4377a3e10fe720a9119677b31d8de13e2a5221c06b332df045af002f5f4c3d", size = 127835078 },
]

[[package]]
name = "pyside6-essentials"
version = "6.8.0.2"
source = { registry = "https://pypi.org/simple" }
dependencies = [
    { name = "shiboken6" },
]
wheels = [
    { url = "https://files.pythonhosted.org/packages/1e/57/3210660aff9436429cb2709ed7bdf1808b075f8f6ed47853160e56903621/PySide6_Essentials-6.8.0.2-cp39-abi3-macosx_12_0_universal2.whl", hash = "sha256:3df4ed75bbb74d74ac338b330819b1a272e7f5cec206765c7176a197c8bc9c79", size = 164669671 },
    { url = "https://files.pythonhosted.org/packages/34/72/6ef2f32e5ae5681cdd10cc7e627c453fcd389889fbc6a76d4e400a27af87/PySide6_Essentials-6.8.0.2-cp39-abi3-manylinux_2_28_x86_64.whl", hash = "sha256:7df6d6c1da4858dbdea77c74d7270d9c68e8d1bbe3362892abd1a5ade3815a50", size = 95184060 },
    { url = "https://files.pythonhosted.org/packages/6f/ee/9023d3851054db24c28312744de8bdb80dcf8de20bd583b6520da416484f/PySide6_Essentials-6.8.0.2-cp39-abi3-manylinux_2_31_aarch64.whl", hash = "sha256:cf490145d18812a6cff48b0b0afb0bfaf7066744bfbd09eb071c3323f1d6d00d", size = 92322477 },
    { url = "https://files.pythonhosted.org/packages/c7/24/57b5b10b4c641bf26e5fda3d71e2e14cbc796b334ef566b017d7b58c13cd/PySide6_Essentials-6.8.0.2-cp39-abi3-win_amd64.whl", hash = "sha256:d2f029b8c9f0106f57b26aa8c435435d7f509c80525075343e07177b283f862e", size = 72518805 },
]

[[package]]
name = "selectolax"
version = "0.3.26"
source = { registry = "https://pypi.org/simple" }
sdist = { url = "https://files.pythonhosted.org/packages/1e/86/5f3f956ad7e553deb5f09410764a3bc51f450349c6be8a5990af2f870c09/selectolax-0.3.26.tar.gz", hash = "sha256:fd8da39a64145cb14c1f6ec9ca7378342af7de9ba4c8e3d65d5daa107594826b", size = 3610572 }
wheels = [
    { url = "https://files.pythonhosted.org/packages/c7/c2/263dfb337798d7c273e118e1dca6b016b98e765801e2c6aab99ce07cbf7b/selectolax-0.3.26-cp310-cp310-macosx_10_9_universal2.whl", hash = "sha256:2a421ba2e61f9567f90a1259cb34dc31586e6b2025ad6d7909b39339a183044c", size = 5844596 },
    { url = "https://files.pythonhosted.org/packages/59/01/4795fff83e35daa531695c07b3687002bdf5b75903de7c77b2d1aa6a9ba9/selectolax-0.3.26-cp310-cp310-macosx_10_9_x86_64.whl", hash = "sha256:a87a6681fdafb4388464df368065fecbfdf82531ae33a2f699d2e6ede3a396a5", size = 3159178 },
    { url = "https://files.pythonhosted.org/packages/a5/29/dbe73e1f7c85f58a9a50d80e5b493e18bc1d4dabac27fbee4bc776525caf/selectolax-0.3.26-cp310-cp310-manylinux_2_17_aarch64.manylinux2014_aarch64.whl", hash = "sha256:2bb10fba206cab32206f218fb560ed50263420b29024ac990202bf6e3f5e207b", size = 7313713 },
    { url = "https://files.pythonhosted.org/packages/9f/8b/75883b5279528179d692fc698c5f3d5172848a06468c255a90a25c0ce541/selectolax-0.3.26-cp310-cp310-manylinux_2_17_x86_64.manylinux2014_x86_64.whl", hash = "sha256:1d56ce5ac3c2b56d0d115fa0d206f3273ce9942dc4e8b3f1c73b8d185a4b90f3", size = 7349772 },
    { url = "https://files.pythonhosted.org/packages/2e/e6/0b2fa533449f533c8a2ef25e0d3c09acf738202b16367231304112e2528c/selectolax-0.3.26-cp310-cp310-manylinux_2_5_i686.manylinux1_i686.manylinux_2_17_i686.manylinux2014_i686.whl", hash = "sha256:4537276c1c93a33ddaae3e63705b5199a0519e930ee49708d95d64a1af77931d", size = 6772536 },
    { url = "https://files.pythonhosted.org/packages/a0/5a/d0ed82216381c4193f703c1bbef063e0f0c04e27abe7b34ed360d39cea57/selectolax-0.3.26-cp310-cp310-musllinux_1_2_aarch64.whl", hash = "sha256:7f5c933802676ea30d4413b0035d0da584b4052bb721f7db57aa2aa9c0b4e6f9", size = 7214029 },
    { url = "https://files.pythonhosted.org/packages/43/32/f7d1907f49f59e609a46471fc85565898025c67c3490085083b480a534dc/selectolax-0.3.26-cp310-cp310-musllinux_1_2_i686.whl", hash = "sha256:e2a445576f341a698421a5fe39df25def3e37da6136a4de0d0103ee08611afd8", size = 6770507 },
    { url = "https://files.pythonhosted.org/packages/b7/9b/1a50f80b2be59a7417c5959bfef391a8be2ff3e5dc3662d7e01f232d160a/selectolax-0.3.26-cp310-cp310-musllinux_1_2_x86_64.whl", hash = "sha256:f54e6ae15294ceb3c7da34b1c30aa7c83c3b1d14142a62b592cdf494c08c4617", size = 7299420 },
    { url = "https://files.pythonhosted.org/packages/52/44/cbb5a327370ff1472227f7ea7959fe0b023b1a4c2800969f5b4dc535fc96/selectolax-0.3.26-cp310-cp310-win32.whl", hash = "sha256:6e9bcc0007a5dbf7d29db6e05d31e66ee59de9ce102e96a6071e1fac478f769e", size = 2337702 },
    { url = "https://files.pythonhosted.org/packages/11/a9/27e8d28d922502750be3f82296181d404064a38cb972b7a5efe9c8e74a28/selectolax-0.3.26-cp310-cp310-win_amd64.whl", hash = "sha256:84aff790d22651aed8881e07213c7806f65e1f50d0891ec28c47f0e109a249c6", size = 2486359 },
    { url = "https://files.pythonhosted.org/packages/ed/50/2f62c1d882c970bbc390688f87aeee8b617731a6ef4bb7101f345b58d0d2/selectolax-0.3.26-cp311-cp311-macosx_10_9_universal2.whl", hash = "sha256:6d17b3ec3fa7a526be7073482ccf8a23e403893994674d709f61affdb6c5545a", size = 5846308 },
    { url = "https://files.pythonhosted.org/packages/1f/c5/88371f42b35f15a1a41ccf897aaf248db0d19aabef09c5fc380745bd8ecf/selectolax-0.3.26-cp311-cp311-macosx_10_9_x86_64.whl", hash = "sha256:c1240e7933d09d27bf9326db1466be648751530edd87e7d82126e4d2d1766a8c", size = 3160501 },
    { url = "https://files.pythonhosted.org/packages/a5/d9/17ceab17e5d17e1af1f144dbe3f99a093bd9de216a57dfd4a3b3bbceecb4/selectolax-0.3.26-cp311-cp311-manylinux_2_17_aarch64.manylinux2014_aarch64.whl", hash = "sha256:a5b58e7894453a8d6d4c26350d4b2356ddcb38f160cb0074a55d33138ef8392d", size = 7448668 },
    { url = "https://files.pythonhosted.org/packages/36/bf/f128fcf1e2b8b4676cc4e3dc7fae06f43fa5110756cf501733976f82981e/selectolax-0.3.26-cp311-cp311-manylinux_2_17_x86_64.manylinux2014_x86_64.whl", hash = "sha256:165b14b2485af63ceb3a67e4e8ab53dd8c3a4ed368a064e7d6d68b3dfcbf8cd1", size = 7490708 },
    { url = "https://files.pythonhosted.org/packages/46/04/8e5def3118f6dcef39381ceb430a07693a07e3193ad5a3f9b5f54f5028ac/selectolax-0.3.26-cp311-cp311-manylinux_2_5_i686.manylinux1_i686.manylinux_2_17_i686.manylinux2014_i686.whl", hash = "sha256:d6f5489ca476a347e88e030db3bde44dff9b4a6fe719cfd0b8ae78cfd86669cb", size = 6892716 },
    { url = "https://files.pythonhosted.org/packages/c9/34/09f59beedddd8f975ed47693885705b406a1f2dea0f86ac2dc0ab2acf13b/selectolax-0.3.26-cp311-cp311-musllinux_1_2_aarch64.whl", hash = "sha256:1ba5e30494efb39bf87f31820169381738eb475965c65e9ac492667617f2ea60", size = 7352782 },
    { url = "https://files.pythonhosted.org/packages/6e/69/151e05599504ec123def962c61f706afe45ea4293b8f0f6cad1a15cf7fe6/selectolax-0.3.26-cp311-cp311-musllinux_1_2_i686.whl", hash = "sha256:329eef64abc7a0a2d754c313dae544592944ebf58ac77313525f46fe1e80805e", size = 6911288 },
    { url = "https://files.pythonhosted.org/packages/c1/5f/cb54217a36614a1369e4fdae0c9eff20286635714ebd95a60af6b70eaf15/selectolax-0.3.26-cp311-cp311-musllinux_1_2_x86_64.whl", hash = "sha256:462c4ae027cf8c2623177eb8bb7e43fc72505d6958c2bb7043591d25c8221ab9", size = 7428664 },
    { url = "https://files.pythonhosted.org/packages/e1/f6/1fd26e4232cfe413bcecdda4dc9b9f6a5b1018ae54bd5f547f1e906b4615/selectolax-0.3.26-cp311-cp311-win32.whl", hash = "sha256:33d296c1f64b5a3e6f6fd9feb8d1b6ba69281f4b4083274a274959c3017c2081", size = 2336982 },
    { url = "https://files.pythonhosted.org/packages/af/54/d92f27366093a526c864dde22d87650c0f2d2e19629ce75cec37f49ccef7/selectolax-0.3.26-cp311-cp311-win_amd64.whl", hash = "sha256:dfedb7ba2383e6b4eafaf607ec39ce1e7f40508efe06c1e984bcaac5effbc3f9", size = 2486627 },
    { url = "https://files.pythonhosted.org/packages/fb/7e/bfb9fbff4d4df5d4125672d65cd6f48ae1cc9dbcdbc3f182b92d11a16087/selectolax-0.3.26-cp312-cp312-macosx_10_13_universal2.whl", hash = "sha256:4af271eaf21ce7c27a749171e4f06480324323e7d60d5afdf2d204076cfa58c5", size = 5851095 },
    { url = "https://files.pythonhosted.org/packages/92/27/11ea76601648e66cd0d622d82b187db1c35edbd7ee46ca1e9ab1e7e4c14b/selectolax-0.3.26-cp312-cp312-macosx_10_13_x86_64.whl", hash = "sha256:59f3ab9f4bc57b919a5405ef8bed7bfca62250411df1fd198a62d40d13c4df2a", size = 3163030 },
    { url = "https://files.pythonhosted.org/packages/31/67/c992ade2821ecbe4248abf9b0d62675d52aa23d4ef43e4de8efaa248e9a5/selectolax-0.3.26-cp312-cp312-manylinux_2_17_aarch64.manylinux2014_aarch64.whl", hash = "sha256:9ca4cf160975268431b7c014b30d892d49a2862a75677059efe0bca8063def72", size = 7656849 },
    { url = "https://files.pythonhosted.org/packages/05/8e/ae0b31f4a875ac528ebf171b70080b02629cd1b854525a89f654c0343bde/selectolax-0.3.26-cp312-cp312-manylinux_2_17_x86_64.manylinux2014_x86_64.whl", hash = "sha256:ddf4ec725d2d52e8d7aebc4a0e98adc3e5248cbe957438c2c5495e0cea8fa3b8", size = 7699079 },
    { url = "https://files.pythonhosted.org/packages/bc/83/da1744cbf60a96b70d7e220ce70f6e75531f0c4ee979ad74c6e38b79d777/selectolax-0.3.26-cp312-cp312-manylinux_2_5_i686.manylinux1_i686.manylinux_2_17_i686.manylinux2014_i686.whl", hash = "sha256:641b00bc707a5af29fffead812a63b19e8a961ee6d7705e8f6b40802ce70a077", size = 7084712 },
    { url = "https://files.pythonhosted.org/packages/b6/5e/007b12ca4db5d5402f0f67ed4de759a8ea2bb7fb7b0a75c0bdc8aafcae4e/selectolax-0.3.26-cp312-cp312-musllinux_1_2_aarch64.whl", hash = "sha256:1fae04b787be96851251b387d72bb488a6752981aa4cad492d98835a4d7c6b78", size = 7495735 },
    { url = "https://files.pythonhosted.org/packages/b3/12/e13a6f3d07255c239149ed585b662069ead177d7107966b07ca049b84520/selectolax-0.3.26-cp312-cp312-musllinux_1_2_i686.whl", hash = "sha256:559e581dca455b7d96ba4190f6909f86a68642e23139ceb3dad2bb4831b59c62", size = 7086549 },
    { url = "https://files.pythonhosted.org/packages/22/e3/d9be58345937cc83b9d88dd1702ddc7354883fa3eaed12e8f3960ad6d743/selectolax-0.3.26-cp312-cp312-musllinux_1_2_x86_64.whl", hash = "sha256:87b7d0297feee682aa4d6760590c6b2ba4b60772f087f0ec2ecd77cf564e979e", size = 7605004 },
    { url = "https://files.pythonhosted.org/packages/5a/54/77ee0f7ddad9791f4976c38720b0f45d05def9afa55fc2749cdf1be1f196/selectolax-0.3.26-cp312-cp312-win32.whl", hash = "sha256:e9533166e1cd773ef032df8fcd2693d0dda801cbb225d1074e4616eb419271d7", size = 2335633 },
    { url = "https://files.pythonhosted.org/packages/02/64/ee9f173fb02579dc56b6d30d7e66cba55d2ac9a08f5a60e3ad52d665e192/selectolax-0.3.26-cp312-cp312-win_amd64.whl", hash = "sha256:ce4ff49a68b1104bcf4588d9917033593442538d3d0cac1a74abcef23e478770", size = 2484178 },
    { url = "https://files.pythonhosted.org/packages/65/18/53a17b7c938180d94861296275abfddf0224b55046ec8ef867128ddce2c4/selectolax-0.3.26-cp39-cp39-macosx_10_9_universal2.whl", hash = "sha256:9d64e7d3c83fea58f8630259267bdfdd6c0f183612e70b3514590c058551bb28", size = 5842027 },
    { url = "https://files.pythonhosted.org/packages/89/df/9641bd7fe00fc9a0ff1ffe17a9b59a391a9a1d2b314594d25e4f4c16d7fc/selectolax-0.3.26-cp39-cp39-macosx_10_9_x86_64.whl", hash = "sha256:822f8fcb7eeb43c0fc09fd20027ef68bd000228ebd4f5a031ac1b646d1b155ce", size = 3159367 },
    { url = "https://files.pythonhosted.org/packages/fd/44/6c72e2d79f03f8fd570da7b96dcad4790d3ae55859180012eac1b45a45b4/selectolax-0.3.26-cp39-cp39-manylinux_2_17_aarch64.manylinux2014_aarch64.whl", hash = "sha256:713cb93b173950a40e70cdb163f3a0e422a9bdf5df1627c5ac109fe662b11f68", size = 7311832 },
    { url = "https://files.pythonhosted.org/packages/3e/28/859536fe9fe352d792563595e52a3545ab91e4b06d086e27de192c187a17/selectolax-0.3.26-cp39-cp39-manylinux_2_17_x86_64.manylinux2014_x86_64.whl", hash = "sha256:ed961a5c7cd1875e9a251eeb12efa0cef3daf9a73bfed26b4410b0f7ca4075e8", size = 7347545 },
    { url = "https://files.pythonhosted.org/packages/ac/a4/bacb5f2c97415c5c5c39b7de0c0124d9d97617401d809feb5358feb3822c/selectolax-0.3.26-cp39-cp39-manylinux_2_5_i686.manylinux1_i686.manylinux_2_17_i686.manylinux2014_i686.whl", hash = "sha256:d2bd8ef1c360da936605f34bcb31711d05ff1c1907b4a1573511cdeb2ffd8448", size = 6766731 },
    { url = "https://files.pythonhosted.org/packages/b2/24/9e8680b4304ec2f93ca5a42f0f9db8e861fc58d482f7c0c26bc929f553c5/selectolax-0.3.26-cp39-cp39-musllinux_1_2_aarch64.whl", hash = "sha256:c9d823a8f24158cc62e8d7e676a0504bf59278ceee34f09976ddeb4c190eca73", size = 7207761 },
    { url = "https://files.pythonhosted.org/packages/93/df/437838fdc5ef98dcb9f5192aac58f8cc32b5f5978600243d276b1d0d4293/selectolax-0.3.26-cp39-cp39-musllinux_1_2_i686.whl", hash = "sha256:a47757f97b6ffc2699d6ac02d1b8890258c43b95676e64f58b5c15e201b9ceff", size = 6771050 },
    { url = "https://files.pythonhosted.org/packages/7b/81/c841e55aa2030a3e23664ba619703ee97769d7ae97bafdc4402201cc5c1b/selectolax-0.3.26-cp39-cp39-musllinux_1_2_x86_64.whl", hash = "sha256:c4998cea022c360eeb17613678b861b5a724066c499508dd86c1812910cdeaa3", size = 7290010 },
    { url = "https://files.pythonhosted.org/packages/5e/a5/3d67d7114499c1cf9ba6ea274904d525fe2c10afa3aca72f560b9e7ead16/selectolax-0.3.26-cp39-cp39-win32.whl", hash = "sha256:5e6a2d755695359b2465efaad8ad840dc4d7a328d62f8673110fdaabfe8cfd98", size = 2338019 },
    { url = "https://files.pythonhosted.org/packages/95/ad/18d5a2f3fcff5bc55f69934c4a493001fb32f1bdec517e609331fd9d92d6/selectolax-0.3.26-cp39-cp39-win_amd64.whl", hash = "sha256:bfaeb5d055592b4455cebd3cbd80ef1f47b97df991798f92814030f7ea8fa0fc", size = 2486662 },
]

[[package]]
name = "shiboken6"
version = "6.8.0.2"
source = { registry = "https://pypi.org/simple" }
wheels = [
    { url = "https://files.pythonhosted.org/packages/d7/7b/3b0b541293a0296534da1a40b422b2323b67103367b1a1c704867d325ef8/shiboken6-6.8.0.2-cp39-abi3-macosx_12_0_universal2.whl", hash = "sha256:9019e1fcfeed8bb350222e981748ef05a2fec11e31ddf616657be702f0b7a468", size = 394561 },
    { url = "https://files.pythonhosted.org/packages/42/73/6344e02a6734e17a86c5781df41293fa15245e4d7454992c1d82e77d49a9/shiboken6-6.8.0.2-cp39-abi3-manylinux_2_28_x86_64.whl", hash = "sha256:fa7d411c3c67b4296847b3f5f572268e219d947d029ff9d8bce72fe6982d92bc", size = 200711 },
    { url = "https://files.pythonhosted.org/packages/13/cd/e9a6d0aa8794f777627a9fb3cffed0ac8449881b33e2325b5bcff10c36bc/shiboken6-6.8.0.2-cp39-abi3-manylinux_2_31_aarch64.whl", hash = "sha256:1aaa8b7f9138818322ef029b2c487d1c6e00dc3f53084e62e1d11bdea47e47c2", size = 189864 },
    { url = "https://files.pythonhosted.org/packages/46/1f/4323ee8fdca5c441b349cd5569934d53a1fd9e3695d53089e18e20ef3611/shiboken6-6.8.0.2-cp39-abi3-win_amd64.whl", hash = "sha256:b11e750e696bb565d897e0f5836710edfb86bd355f87b09988bd31b2aad404d3", size = 1146649 },
]

[[package]]
name = "soupsieve"
version = "2.6"
source = { registry = "https://pypi.org/simple" }
sdist = { url = "https://files.pythonhosted.org/packages/d7/ce/fbaeed4f9fb8b2daa961f90591662df6a86c1abf25c548329a86920aedfb/soupsieve-2.6.tar.gz", hash = "sha256:e2e68417777af359ec65daac1057404a3c8a5455bb8abc36f1a9866ab1a51abb", size = 101569 }
wheels = [
    { url = "https://files.pythonhosted.org/packages/d1/c2/fe97d779f3ef3b15f05c94a2f1e3d21732574ed441687474db9d342a7315/soupsieve-2.6-py3-none-any.whl", hash = "sha256:e72c4ff06e4fb6e4b5a9f0f55fe6e81514581fca1515028625d0f299c602ccc9", size = 36186 },
]

[[package]]
name = "typing-extensions"
version = "4.12.2"
source = { registry = "https://pypi.org/simple" }
sdist = { url = "https://files.pythonhosted.org/packages/df/db/f35a00659bc03fec321ba8bce9420de607a1d37f8342eee1863174c69557/typing_extensions-4.12.2.tar.gz", hash = "sha256:1a7ead55c7e559dd4dee8856e3a88b41225abfe1ce8df57b7c13915fe121ffb8", size = 85321 }
wheels = [
    { url = "https://files.pythonhosted.org/packages/26/9f/ad63fc0248c5379346306f8668cda6e2e2e9c95e01216d2b8ffd9ff037d0/typing_extensions-4.12.2-py3-none-any.whl", hash = "sha256:04e5ca0351e0f3f85c6853954072df659d0d13fac324d0072316b67d7794700d", size = 37438 },
]
